<?xml version="1.0" encoding="UTF-8"?>
<Scheme
   LastUpgradeVersion = "1310"
   version = "1.3">
   <BuildAction
      parallelizeBuildables = "YES"
      buildImplicitDependencies = "YES">
      <BuildActionEntries>
         <BuildActionEntry
            buildForTesting = "YES"
            buildForRunning = "YES"
            buildForProfiling = "YES"
            buildForArchiving = "YES"
            buildForAnalyzing = "YES">
            <BuildableReference
               BuildableIdentifier = "primary"
               BlueprintIdentifier = "78A386F727401A9D00DF51CF"
               BuildableName = "SwiftArchitectureTemplate.app"
               BlueprintName = "SwiftArchitectureTemplate"
               ReferencedContainer = "container:SwiftArchitectureTemplate.xcodeproj">
            </BuildableReference>
         </BuildActionEntry>
      </BuildActionEntries>
   </BuildAction>
   <TestAction
      buildConfiguration = "Debug"
      selectedDebuggerIdentifier = "Xcode.DebuggerFoundation.Debugger.LLDB"
      selectedLauncherIdentifier = "Xcode.DebuggerFoundation.Launcher.LLDB"
      shouldUseLaunchSchemeArgsEnv = "YES">
      <Testables>
         <TestableReference
            skipped = "NO">
            <BuildableReference
               BuildableIdentifier = "primary"
               BlueprintIdentifier = "78A3870D27401A9F00DF51CF"
               BuildableName = "SwiftArchitectureTemplateTests.xctest"
               BlueprintName = "SwiftArchitectureTemplateTests"
               ReferencedContainer = "container:SwiftArchitectureTemplate.xcodeproj">
            </BuildableReference>
         </TestableReference>
         <TestableReference
            skipped = "NO">
            <BuildableReference
               BuildableIdentifier = "primary"
               BlueprintIdentifier = "78A3871727401A9F00DF51CF"
               BuildableName = "SwiftArchitectureTemplateUITests.xctest"
               BlueprintName = "SwiftArchitectureTemplateUITests"
               ReferencedContainer = "container:SwiftArchitectureTemplate.xcodeproj">
            </BuildableReference>
         </TestableReference>
         <TestableReference
            skipped = "NO">
            <BuildableReference
               BuildableIdentifier = "primary"
               BlueprintIdentifier = "DataTests"
               BuildableName = "DataTests"
               BlueprintName = "DataTests"
               ReferencedContainer = "container:Packages/Data">
            </BuildableReference>
         </TestableReference>
         <TestableReference
            skipped = "NO">
            <BuildableReference
               BuildableIdentifier = "primary"
               BlueprintIdentifier = "DomainTests"
               BuildableName = "DomainTests"
               BlueprintName = "DomainTests"
               ReferencedContainer = "container:Packages/Domain">
            </BuildableReference>
         </TestableReference>
         <TestableReference
            skipped = "NO">
            <BuildableReference
               BuildableIdentifier = "primary"
               BlueprintIdentifier = "UtilityTests"
               BuildableName = "UtilityTests"
               BlueprintName = "UtilityTests"
               ReferencedContainer = "container:Packages/Utility">
            </BuildableReference>
         </TestableReference>
      </Testables>
   </TestAction>
   <LaunchAction
      buildConfiguration = "Debug"
      selectedDebuggerIdentifier = "Xcode.DebuggerFoundation.Debugger.LLDB"
      selectedLauncherIdentifier = "Xcode.DebuggerFoundation.Launcher.LLDB"
      launchStyle = "0"
      useCustomWorkingDirectory = "NO"
      ignoresPersistentStateOnLaunch = "NO"
      debugDocumentVersioning = "YES"
      debugServiceExtension = "internal"
      allowLocationSimulation = "YES">
      <BuildableProductRunnable
         runnableDebuggingMode = "0">
         <BuildableReference
            BuildableIdentifier = "primary"
            BlueprintIdentifier = "78A386F727401A9D00DF51CF"
            BuildableName = "SwiftArchitectureTemplate.app"
            BlueprintName = "SwiftArchitectureTemplate"
            ReferencedContainer = "container:SwiftArchitectureTemplate.xcodeproj">
         </BuildableReference>
      </BuildableProductRunnable>
   </LaunchAction>
   <ProfileAction
      buildConfiguration = "Release"
      shouldUseLaunchSchemeArgsEnv = "YES"
      savedToolIdentifier = ""
      useCustomWorkingDirectory = "NO"
      debugDocumentVersioning = "YES">
      <BuildableProductRunnable
         runnableDebuggingMode = "0">
         <BuildableReference
            BuildableIdentifier = "primary"
            BlueprintIdentifier = "78A386F727401A9D00DF51CF"
            BuildableName = "SwiftArchitectureTemplate.app"
            BlueprintName = "SwiftArchitectureTemplate"
            ReferencedContainer = "container:SwiftArchitectureTemplate.xcodeproj">
         </BuildableReference>
      </BuildableProductRunnable>
   </ProfileAction>
   <AnalyzeAction
      buildConfiguration = "Debug">
   </AnalyzeAction>
   <ArchiveAction
      buildConfiguration = "Release"
      revealArchiveInOrganizer = "YES">
   </ArchiveAction>
</Scheme>
