// !$*UTF8*$!
{
	archiveVersion = 1;
	classes = {
	};
	objectVersion = 55;
	objects = {

/* Begin PBXBuildFile section */
		781F9C9F274758E00034F911 /* DEBUG_BottomSheetListViewController.swift in Sources */ = {isa = PBXBuildFile; fileRef = 781F9C9E274758E00034F911 /* DEBUG_BottomSheetListViewController.swift */; };
		781F9CA12747598F0034F911 /* DEBUG_BottomSheetListUI.swift in Sources */ = {isa = PBXBuildFile; fileRef = 781F9CA02747598F0034F911 /* DEBUG_BottomSheetListUI.swift */; };
		783B6B1827C5CEBA0040A5D3 /* ThemeCell.swift in Sources */ = {isa = PBXBuildFile; fileRef = 783B6B1727C5CEBA0040A5D3 /* ThemeCell.swift */; };
		78625645274635C200472228 /* DEBUG_UI.swift in Sources */ = {isa = PBXBuildFile; fileRef = 78625644274635C200472228 /* DEBUG_UI.swift */; };
		786BC1BA2779CD6D00F97732 /* FirstFlowController.swift in Sources */ = {isa = PBXBuildFile; fileRef = 786BC1B92779CD6D00F97732 /* FirstFlowController.swift */; };
		78844F98274348C200A02E9B /* String+Util.swift in Sources */ = {isa = PBXBuildFile; fileRef = 78844F97274348C200A02E9B /* String+Util.swift */; };
		78844F9A2743490200A02E9B /* Array+Util.swift in Sources */ = {isa = PBXBuildFile; fileRef = 78844F992743490200A02E9B /* Array+Util.swift */; };
		78844F9E27434B3C00A02E9B /* Resources.swift in Sources */ = {isa = PBXBuildFile; fileRef = 78844F9D27434B3C00A02E9B /* Resources.swift */; };
		78844FA027434B6100A02E9B /* Images.swift in Sources */ = {isa = PBXBuildFile; fileRef = 78844F9F27434B6100A02E9B /* Images.swift */; };
		78844FA227434B6E00A02E9B /* Colors.swift in Sources */ = {isa = PBXBuildFile; fileRef = 78844FA127434B6E00A02E9B /* Colors.swift */; };
		78844FA427435C2800A02E9B /* ViewControllers.swift in Sources */ = {isa = PBXBuildFile; fileRef = 78844FA327435C2800A02E9B /* ViewControllers.swift */; };
		78844FA7274367C900A02E9B /* TopViewControllerAccessible.swift in Sources */ = {isa = PBXBuildFile; fileRef = 78844FA6274367C900A02E9B /* TopViewControllerAccessible.swift */; };
		78844FA927437E7B00A02E9B /* Utility.swift in Sources */ = {isa = PBXBuildFile; fileRef = 78844FA827437E7B00A02E9B /* Utility.swift */; };
		78844FAB27437EC700A02E9B /* FirstViewModelTests.swift in Sources */ = {isa = PBXBuildFile; fileRef = 78844FAA27437EC700A02E9B /* FirstViewModelTests.swift */; };
		78844FAD2743AEAC00A02E9B /* ResourcesSupport.swift in Sources */ = {isa = PBXBuildFile; fileRef = 78844FAC2743AEAC00A02E9B /* ResourcesSupport.swift */; };
		789A4E5E2741440000DD4661 /* Utility in Frameworks */ = {isa = PBXBuildFile; productRef = 789A4E5D2741440000DD4661 /* Utility */; };
		789A4E5F2741440000DD4661 /* Utility in Embed Frameworks */ = {isa = PBXBuildFile; productRef = 789A4E5D2741440000DD4661 /* Utility */; settings = {ATTRIBUTES = (CodeSignOnCopy, ); }; };
		78A386FC27401A9D00DF51CF /* AppDelegate.swift in Sources */ = {isa = PBXBuildFile; fileRef = 78A386FB27401A9D00DF51CF /* AppDelegate.swift */; };
		78A3870527401A9F00DF51CF /* Assets.xcassets in Resources */ = {isa = PBXBuildFile; fileRef = 78A3870427401A9F00DF51CF /* Assets.xcassets */; };
		78A3870827401A9F00DF51CF /* LaunchScreen.storyboard in Resources */ = {isa = PBXBuildFile; fileRef = 78A3870627401A9F00DF51CF /* LaunchScreen.storyboard */; };
		78A3871D27401A9F00DF51CF /* SwiftArchitectureTemplateUITests.swift in Sources */ = {isa = PBXBuildFile; fileRef = 78A3871C27401A9F00DF51CF /* SwiftArchitectureTemplateUITests.swift */; };
		78A3871F27401A9F00DF51CF /* SwiftArchitectureTemplateUITestsLaunchTests.swift in Sources */ = {isa = PBXBuildFile; fileRef = 78A3871E27401A9F00DF51CF /* SwiftArchitectureTemplateUITestsLaunchTests.swift */; };
		78A4E9342777FC75005FBB36 /* Localizable.strings in Resources */ = {isa = PBXBuildFile; fileRef = 78A4E9362777FC75005FBB36 /* Localizable.strings */; };
		78A4E9392778659F005FBB36 /* MainFlowController.swift in Sources */ = {isa = PBXBuildFile; fileRef = 78A4E9382778659F005FBB36 /* MainFlowController.swift */; };
		78A4E93B27786631005FBB36 /* UIViewController+Container.swift in Sources */ = {isa = PBXBuildFile; fileRef = 78A4E93A27786631005FBB36 /* UIViewController+Container.swift */; };
		78A93CF2277D502D005A3DB2 /* LoginUI.swift in Sources */ = {isa = PBXBuildFile; fileRef = 78A93CF1277D502D005A3DB2 /* LoginUI.swift */; };
		78B3D0BF2776F93500A8EC6F /* UIView+Layout.swift in Sources */ = {isa = PBXBuildFile; fileRef = 78B3D0BE2776F93500A8EC6F /* UIView+Layout.swift */; };
		78BA64C32744C82A005B2D61 /* BottomSheetViewController.swift in Sources */ = {isa = PBXBuildFile; fileRef = 78BA64C22744C82A005B2D61 /* BottomSheetViewController.swift */; };
		78BA64C82744DA66005B2D61 /* UIButton+StateConvenience.swift in Sources */ = {isa = PBXBuildFile; fileRef = 78BA64C72744DA66005B2D61 /* UIButton+StateConvenience.swift */; };
		78BA64CB2744E479005B2D61 /* CommonBottomSheetContentView.swift in Sources */ = {isa = PBXBuildFile; fileRef = 78BA64CA2744E479005B2D61 /* CommonBottomSheetContentView.swift */; };
		78BA64CD2744F609005B2D61 /* BottomSheetUI.swift in Sources */ = {isa = PBXBuildFile; fileRef = 78BA64CC2744F609005B2D61 /* BottomSheetUI.swift */; };
		78BA64D32744FD9D005B2D61 /* BottomSheet+Convenience.swift in Sources */ = {isa = PBXBuildFile; fileRef = 78BA64D22744FD9D005B2D61 /* BottomSheet+Convenience.swift */; };
		78C20EE7277B35D200C7EC65 /* AppFlowController.swift in Sources */ = {isa = PBXBuildFile; fileRef = 78C20EE6277B35D200C7EC65 /* AppFlowController.swift */; };
		78C20EEA277B35F800C7EC65 /* LoginFlowController.swift in Sources */ = {isa = PBXBuildFile; fileRef = 78C20EE9277B35F800C7EC65 /* LoginFlowController.swift */; };
		78C20EEC277B360000C7EC65 /* LoginViewController.swift in Sources */ = {isa = PBXBuildFile; fileRef = 78C20EEB277B360000C7EC65 /* LoginViewController.swift */; };
		78C20EEF277B394800C7EC65 /* SecondFlowController.swift in Sources */ = {isa = PBXBuildFile; fileRef = 78C20EEE277B394800C7EC65 /* SecondFlowController.swift */; };
		78C20EF2277B3ADF00C7EC65 /* DEBUG_FlowController.swift in Sources */ = {isa = PBXBuildFile; fileRef = 78C20EF1277B3ADF00C7EC65 /* DEBUG_FlowController.swift */; };
		78C20EF4277B401600C7EC65 /* DEBUG_Item.swift in Sources */ = {isa = PBXBuildFile; fileRef = 78C20EF3277B401600C7EC65 /* DEBUG_Item.swift */; };
		78C20EF6277B42F800C7EC65 /* FlowController.swift in Sources */ = {isa = PBXBuildFile; fileRef = 78C20EF5277B42F800C7EC65 /* FlowController.swift */; };
		78CB9D2B277705FF00AA8A94 /* UIControl+Publisher.swift in Sources */ = {isa = PBXBuildFile; fileRef = 78CB9D2A277705FF00AA8A94 /* UIControl+Publisher.swift */; };
		78DD432427415522006684D0 /* Data in Frameworks */ = {isa = PBXBuildFile; productRef = 78DD432327415522006684D0 /* Data */; };
		78DD432727422AB1006684D0 /* Domain in Frameworks */ = {isa = PBXBuildFile; productRef = 78DD432627422AB1006684D0 /* Domain */; };
		78DD432D274234FE006684D0 /* Configuration.swift in Sources */ = {isa = PBXBuildFile; fileRef = 78DD432C274234FE006684D0 /* Configuration.swift */; };
		78DD432F27423592006684D0 /* Package.swift in Sources */ = {isa = PBXBuildFile; fileRef = 78DD432E27423592006684D0 /* Package.swift */; };
		78DD433227423687006684D0 /* FirebaseAnalytics in Frameworks */ = {isa = PBXBuildFile; productRef = 78DD433127423686006684D0 /* FirebaseAnalytics */; };
		78DD433427423687006684D0 /* FirebaseCrashlytics in Frameworks */ = {isa = PBXBuildFile; productRef = 78DD433327423687006684D0 /* FirebaseCrashlytics */; };
		78DD4336274238DC006684D0 /* API.swift in Sources */ = {isa = PBXBuildFile; fileRef = 78DD4335274238DC006684D0 /* API.swift */; };
		78DD433827423995006684D0 /* FirebaseProvider.swift in Sources */ = {isa = PBXBuildFile; fileRef = 78DD433727423995006684D0 /* FirebaseProvider.swift */; };
		78DD43442742440D006684D0 /* LoadingState.swift in Sources */ = {isa = PBXBuildFile; fileRef = 78DD43432742440D006684D0 /* LoadingState.swift */; };
		78DD434827424536006684D0 /* Style.swift in Sources */ = {isa = PBXBuildFile; fileRef = 78DD434727424536006684D0 /* Style.swift */; };
		78DD434A274246E1006684D0 /* Localizable.swift in Sources */ = {isa = PBXBuildFile; fileRef = 78DD4349274246E1006684D0 /* Localizable.swift */; };
		78DD434C27424739006684D0 /* Strings.swift in Sources */ = {isa = PBXBuildFile; fileRef = 78DD434B27424739006684D0 /* Strings.swift */; };
		78DD435627424825006684D0 /* ViewModel.swift in Sources */ = {isa = PBXBuildFile; fileRef = 78DD435527424825006684D0 /* ViewModel.swift */; };
		78DD435827424842006684D0 /* UserInterface.swift in Sources */ = {isa = PBXBuildFile; fileRef = 78DD435727424842006684D0 /* UserInterface.swift */; };
		78DD435A274249CC006684D0 /* VCInjectable.swift in Sources */ = {isa = PBXBuildFile; fileRef = 78DD4359274249CC006684D0 /* VCInjectable.swift */; };
		78DD435D27424D6D006684D0 /* ButtonStyle.swift in Sources */ = {isa = PBXBuildFile; fileRef = 78DD435C27424D6D006684D0 /* ButtonStyle.swift */; };
		78DD436227424E7C006684D0 /* DEBUG_ViewController.swift in Sources */ = {isa = PBXBuildFile; fileRef = 78DD436127424E7C006684D0 /* DEBUG_ViewController.swift */; };
		78DD436427424F55006684D0 /* SecondViewController.swift in Sources */ = {isa = PBXBuildFile; fileRef = 78DD436327424F55006684D0 /* SecondViewController.swift */; };
		78DD436627424F5E006684D0 /* SecondViewModel.swift in Sources */ = {isa = PBXBuildFile; fileRef = 78DD436527424F5E006684D0 /* SecondViewModel.swift */; };
		78DD4368274251D3006684D0 /* SecondUI.swift in Sources */ = {isa = PBXBuildFile; fileRef = 78DD4367274251D3006684D0 /* SecondUI.swift */; };
		78DD436A27425445006684D0 /* FirstViewModel.swift in Sources */ = {isa = PBXBuildFile; fileRef = 78DD436927425445006684D0 /* FirstViewModel.swift */; };
		78DD436E27425455006684D0 /* FirstViewController.swift in Sources */ = {isa = PBXBuildFile; fileRef = 78DD436D27425455006684D0 /* FirstViewController.swift */; };
		78DD437027425487006684D0 /* FirstUI.swift in Sources */ = {isa = PBXBuildFile; fileRef = 78DD436F27425487006684D0 /* FirstUI.swift */; };
		78DD4373274254D1006684D0 /* FirstDetailViewController.swift in Sources */ = {isa = PBXBuildFile; fileRef = 78DD4372274254D1006684D0 /* FirstDetailViewController.swift */; };
		78DD437827425B6F006684D0 /* NavigationController.swift in Sources */ = {isa = PBXBuildFile; fileRef = 78DD437727425B6F006684D0 /* NavigationController.swift */; };
		78DD437C27425D69006684D0 /* TabBarController.swift in Sources */ = {isa = PBXBuildFile; fileRef = 78DD437B27425D69006684D0 /* TabBarController.swift */; };
		78E35E2B277C3F37002EDE43 /* AppDataHolder.swift in Sources */ = {isa = PBXBuildFile; fileRef = 78E35E2A277C3F37002EDE43 /* AppDataHolder.swift */; };
/* End PBXBuildFile section */

/* Begin PBXContainerItemProxy section */
		78A3870F27401A9F00DF51CF /* PBXContainerItemProxy */ = {
			isa = PBXContainerItemProxy;
			containerPortal = 78A386F027401A9D00DF51CF /* Project object */;
			proxyType = 1;
			remoteGlobalIDString = 78A386F727401A9D00DF51CF;
			remoteInfo = SwiftArchitectureTemplate;
		};
		78A3871927401A9F00DF51CF /* PBXContainerItemProxy */ = {
			isa = PBXContainerItemProxy;
			containerPortal = 78A386F027401A9D00DF51CF /* Project object */;
			proxyType = 1;
			remoteGlobalIDString = 78A386F727401A9D00DF51CF;
			remoteInfo = SwiftArchitectureTemplate;
		};
/* End PBXContainerItemProxy section */

/* Begin PBXCopyFilesBuildPhase section */
		789A4E602741440000DD4661 /* Embed Frameworks */ = {
			isa = PBXCopyFilesBuildPhase;
			buildActionMask = 2147483647;
			dstPath = "";
			dstSubfolderSpec = 10;
			files = (
				789A4E5F2741440000DD4661 /* Utility in Embed Frameworks */,
			);
			name = "Embed Frameworks";
			runOnlyForDeploymentPostprocessing = 0;
		};
/* End PBXCopyFilesBuildPhase section */

/* Begin PBXFileReference section */
		781F9C9E274758E00034F911 /* DEBUG_BottomSheetListViewController.swift */ = {isa = PBXFileReference; lastKnownFileType = sourcecode.swift; path = DEBUG_BottomSheetListViewController.swift; sourceTree = "<group>"; };
		781F9CA02747598F0034F911 /* DEBUG_BottomSheetListUI.swift */ = {isa = PBXFileReference; lastKnownFileType = sourcecode.swift; path = DEBUG_BottomSheetListUI.swift; sourceTree = "<group>"; };
		783B6B1727C5CEBA0040A5D3 /* ThemeCell.swift */ = {isa = PBXFileReference; lastKnownFileType = sourcecode.swift; path = ThemeCell.swift; sourceTree = "<group>"; };
		78625644274635C200472228 /* DEBUG_UI.swift */ = {isa = PBXFileReference; lastKnownFileType = sourcecode.swift; path = DEBUG_UI.swift; sourceTree = "<group>"; };
		786BC1B92779CD6D00F97732 /* FirstFlowController.swift */ = {isa = PBXFileReference; lastKnownFileType = sourcecode.swift; path = FirstFlowController.swift; sourceTree = "<group>"; };
		78844F97274348C200A02E9B /* String+Util.swift */ = {isa = PBXFileReference; lastKnownFileType = sourcecode.swift; path = "String+Util.swift"; sourceTree = "<group>"; };
		78844F992743490200A02E9B /* Array+Util.swift */ = {isa = PBXFileReference; lastKnownFileType = sourcecode.swift; path = "Array+Util.swift"; sourceTree = "<group>"; };
		78844F9D27434B3C00A02E9B /* Resources.swift */ = {isa = PBXFileReference; lastKnownFileType = sourcecode.swift; path = Resources.swift; sourceTree = "<group>"; };
		78844F9F27434B6100A02E9B /* Images.swift */ = {isa = PBXFileReference; lastKnownFileType = sourcecode.swift; path = Images.swift; sourceTree = "<group>"; };
		78844FA127434B6E00A02E9B /* Colors.swift */ = {isa = PBXFileReference; lastKnownFileType = sourcecode.swift; path = Colors.swift; sourceTree = "<group>"; };
		78844FA327435C2800A02E9B /* ViewControllers.swift */ = {isa = PBXFileReference; lastKnownFileType = sourcecode.swift; path = ViewControllers.swift; sourceTree = "<group>"; };
		78844FA6274367C900A02E9B /* TopViewControllerAccessible.swift */ = {isa = PBXFileReference; lastKnownFileType = sourcecode.swift; path = TopViewControllerAccessible.swift; sourceTree = "<group>"; };
		78844FA827437E7B00A02E9B /* Utility.swift */ = {isa = PBXFileReference; lastKnownFileType = sourcecode.swift; path = Utility.swift; sourceTree = "<group>"; };
		78844FAA27437EC700A02E9B /* FirstViewModelTests.swift */ = {isa = PBXFileReference; lastKnownFileType = sourcecode.swift; path = FirstViewModelTests.swift; sourceTree = "<group>"; };
		78844FAC2743AEAC00A02E9B /* ResourcesSupport.swift */ = {isa = PBXFileReference; lastKnownFileType = sourcecode.swift; path = ResourcesSupport.swift; sourceTree = "<group>"; };
		789A4E5B27413FD300DD4661 /* Utility */ = {isa = PBXFileReference; lastKnownFileType = folder; path = Utility; sourceTree = "<group>"; };
		789A4E6227414B3A00DD4661 /* Data */ = {isa = PBXFileReference; lastKnownFileType = folder; path = Data; sourceTree = "<group>"; };
		78A386F827401A9D00DF51CF /* SwiftArchitectureTemplate.app */ = {isa = PBXFileReference; explicitFileType = wrapper.application; includeInIndex = 0; path = SwiftArchitectureTemplate.app; sourceTree = BUILT_PRODUCTS_DIR; };
		78A386FB27401A9D00DF51CF /* AppDelegate.swift */ = {isa = PBXFileReference; lastKnownFileType = sourcecode.swift; path = AppDelegate.swift; sourceTree = "<group>"; };
		78A3870427401A9F00DF51CF /* Assets.xcassets */ = {isa = PBXFileReference; lastKnownFileType = folder.assetcatalog; path = Assets.xcassets; sourceTree = "<group>"; };
		78A3870727401A9F00DF51CF /* Base */ = {isa = PBXFileReference; lastKnownFileType = file.storyboard; name = Base; path = Base.lproj/LaunchScreen.storyboard; sourceTree = "<group>"; };
		78A3870927401A9F00DF51CF /* Info.plist */ = {isa = PBXFileReference; lastKnownFileType = text.plist.xml; path = Info.plist; sourceTree = "<group>"; };
		78A3870E27401A9F00DF51CF /* SwiftArchitectureTemplateTests.xctest */ = {isa = PBXFileReference; explicitFileType = wrapper.cfbundle; includeInIndex = 0; path = SwiftArchitectureTemplateTests.xctest; sourceTree = BUILT_PRODUCTS_DIR; };
		78A3871827401A9F00DF51CF /* SwiftArchitectureTemplateUITests.xctest */ = {isa = PBXFileReference; explicitFileType = wrapper.cfbundle; includeInIndex = 0; path = SwiftArchitectureTemplateUITests.xctest; sourceTree = BUILT_PRODUCTS_DIR; };
		78A3871C27401A9F00DF51CF /* SwiftArchitectureTemplateUITests.swift */ = {isa = PBXFileReference; lastKnownFileType = sourcecode.swift; path = SwiftArchitectureTemplateUITests.swift; sourceTree = "<group>"; };
		78A3871E27401A9F00DF51CF /* SwiftArchitectureTemplateUITestsLaunchTests.swift */ = {isa = PBXFileReference; lastKnownFileType = sourcecode.swift; path = SwiftArchitectureTemplateUITestsLaunchTests.swift; sourceTree = "<group>"; };
		78A4E9332777FC3A005FBB36 /* ja */ = {isa = PBXFileReference; lastKnownFileType = text.plist.strings; name = ja; path = ja.lproj/LaunchScreen.strings; sourceTree = "<group>"; };
		78A4E9352777FC75005FBB36 /* en */ = {isa = PBXFileReference; lastKnownFileType = text.plist.strings; name = en; path = en.lproj/Localizable.strings; sourceTree = "<group>"; };
		78A4E9372777FC78005FBB36 /* ja */ = {isa = PBXFileReference; lastKnownFileType = text.plist.strings; name = ja; path = ja.lproj/Localizable.strings; sourceTree = "<group>"; };
		78A4E9382778659F005FBB36 /* MainFlowController.swift */ = {isa = PBXFileReference; lastKnownFileType = sourcecode.swift; path = MainFlowController.swift; sourceTree = "<group>"; };
		78A4E93A27786631005FBB36 /* UIViewController+Container.swift */ = {isa = PBXFileReference; lastKnownFileType = sourcecode.swift; path = "UIViewController+Container.swift"; sourceTree = "<group>"; };
		78A93CF1277D502D005A3DB2 /* LoginUI.swift */ = {isa = PBXFileReference; lastKnownFileType = sourcecode.swift; path = LoginUI.swift; sourceTree = "<group>"; };
		78B3D0BE2776F93500A8EC6F /* UIView+Layout.swift */ = {isa = PBXFileReference; lastKnownFileType = sourcecode.swift; path = "UIView+Layout.swift"; sourceTree = "<group>"; };
		78BA64C22744C82A005B2D61 /* BottomSheetViewController.swift */ = {isa = PBXFileReference; lastKnownFileType = sourcecode.swift; path = BottomSheetViewController.swift; sourceTree = "<group>"; };
		78BA64C72744DA66005B2D61 /* UIButton+StateConvenience.swift */ = {isa = PBXFileReference; lastKnownFileType = sourcecode.swift; path = "UIButton+StateConvenience.swift"; sourceTree = "<group>"; };
		78BA64CA2744E479005B2D61 /* CommonBottomSheetContentView.swift */ = {isa = PBXFileReference; lastKnownFileType = sourcecode.swift; path = CommonBottomSheetContentView.swift; sourceTree = "<group>"; };
		78BA64CC2744F609005B2D61 /* BottomSheetUI.swift */ = {isa = PBXFileReference; lastKnownFileType = sourcecode.swift; path = BottomSheetUI.swift; sourceTree = "<group>"; };
		78BA64D22744FD9D005B2D61 /* BottomSheet+Convenience.swift */ = {isa = PBXFileReference; lastKnownFileType = sourcecode.swift; path = "BottomSheet+Convenience.swift"; sourceTree = "<group>"; };
		78C20EE6277B35D200C7EC65 /* AppFlowController.swift */ = {isa = PBXFileReference; lastKnownFileType = sourcecode.swift; path = AppFlowController.swift; sourceTree = "<group>"; };
		78C20EE9277B35F800C7EC65 /* LoginFlowController.swift */ = {isa = PBXFileReference; lastKnownFileType = sourcecode.swift; path = LoginFlowController.swift; sourceTree = "<group>"; };
		78C20EEB277B360000C7EC65 /* LoginViewController.swift */ = {isa = PBXFileReference; lastKnownFileType = sourcecode.swift; path = LoginViewController.swift; sourceTree = "<group>"; };
		78C20EEE277B394800C7EC65 /* SecondFlowController.swift */ = {isa = PBXFileReference; lastKnownFileType = sourcecode.swift; path = SecondFlowController.swift; sourceTree = "<group>"; };
		78C20EF1277B3ADF00C7EC65 /* DEBUG_FlowController.swift */ = {isa = PBXFileReference; lastKnownFileType = sourcecode.swift; path = DEBUG_FlowController.swift; sourceTree = "<group>"; };
		78C20EF3277B401600C7EC65 /* DEBUG_Item.swift */ = {isa = PBXFileReference; lastKnownFileType = sourcecode.swift; path = DEBUG_Item.swift; sourceTree = "<group>"; };
		78C20EF5277B42F800C7EC65 /* FlowController.swift */ = {isa = PBXFileReference; lastKnownFileType = sourcecode.swift; path = FlowController.swift; sourceTree = "<group>"; };
		78CB9D2A277705FF00AA8A94 /* UIControl+Publisher.swift */ = {isa = PBXFileReference; lastKnownFileType = sourcecode.swift; path = "UIControl+Publisher.swift"; sourceTree = "<group>"; };
		78DD432527421126006684D0 /* Domain */ = {isa = PBXFileReference; lastKnownFileType = folder; path = Domain; sourceTree = "<group>"; };
		78DD432C274234FE006684D0 /* Configuration.swift */ = {isa = PBXFileReference; lastKnownFileType = sourcecode.swift; path = Configuration.swift; sourceTree = "<group>"; };
		78DD432E27423592006684D0 /* Package.swift */ = {isa = PBXFileReference; lastKnownFileType = sourcecode.swift; path = Package.swift; sourceTree = "<group>"; };
		78DD4335274238DC006684D0 /* API.swift */ = {isa = PBXFileReference; lastKnownFileType = sourcecode.swift; path = API.swift; sourceTree = "<group>"; };
		78DD433727423995006684D0 /* FirebaseProvider.swift */ = {isa = PBXFileReference; lastKnownFileType = sourcecode.swift; path = FirebaseProvider.swift; sourceTree = "<group>"; };
		78DD433A27423A81006684D0 /* Config.develop.xcconfig */ = {isa = PBXFileReference; lastKnownFileType = text.xcconfig; path = Config.develop.xcconfig; sourceTree = "<group>"; };
		78DD433B27423AE4006684D0 /* Config.adhoc.xcconfig */ = {isa = PBXFileReference; lastKnownFileType = text.xcconfig; path = Config.adhoc.xcconfig; sourceTree = "<group>"; };
		78DD433C27423B15006684D0 /* Config.release.xcconfig */ = {isa = PBXFileReference; lastKnownFileType = text.xcconfig; path = Config.release.xcconfig; sourceTree = "<group>"; };
		78DD43432742440D006684D0 /* LoadingState.swift */ = {isa = PBXFileReference; lastKnownFileType = sourcecode.swift; path = LoadingState.swift; sourceTree = "<group>"; };
		78DD434727424536006684D0 /* Style.swift */ = {isa = PBXFileReference; lastKnownFileType = sourcecode.swift; path = Style.swift; sourceTree = "<group>"; };
		78DD4349274246E1006684D0 /* Localizable.swift */ = {isa = PBXFileReference; lastKnownFileType = sourcecode.swift; path = Localizable.swift; sourceTree = "<group>"; };
		78DD434B27424739006684D0 /* Strings.swift */ = {isa = PBXFileReference; lastKnownFileType = sourcecode.swift; path = Strings.swift; sourceTree = "<group>"; };
		78DD435527424825006684D0 /* ViewModel.swift */ = {isa = PBXFileReference; lastKnownFileType = sourcecode.swift; path = ViewModel.swift; sourceTree = "<group>"; };
		78DD435727424842006684D0 /* UserInterface.swift */ = {isa = PBXFileReference; lastKnownFileType = sourcecode.swift; path = UserInterface.swift; sourceTree = "<group>"; };
		78DD4359274249CC006684D0 /* VCInjectable.swift */ = {isa = PBXFileReference; lastKnownFileType = sourcecode.swift; path = VCInjectable.swift; sourceTree = "<group>"; };
		78DD435C27424D6D006684D0 /* ButtonStyle.swift */ = {isa = PBXFileReference; lastKnownFileType = sourcecode.swift; path = ButtonStyle.swift; sourceTree = "<group>"; };
		78DD436127424E7C006684D0 /* DEBUG_ViewController.swift */ = {isa = PBXFileReference; lastKnownFileType = sourcecode.swift; path = DEBUG_ViewController.swift; sourceTree = "<group>"; };
		78DD436327424F55006684D0 /* SecondViewController.swift */ = {isa = PBXFileReference; lastKnownFileType = sourcecode.swift; path = SecondViewController.swift; sourceTree = "<group>"; };
		78DD436527424F5E006684D0 /* SecondViewModel.swift */ = {isa = PBXFileReference; lastKnownFileType = sourcecode.swift; path = SecondViewModel.swift; sourceTree = "<group>"; };
		78DD4367274251D3006684D0 /* SecondUI.swift */ = {isa = PBXFileReference; lastKnownFileType = sourcecode.swift; path = SecondUI.swift; sourceTree = "<group>"; };
		78DD436927425445006684D0 /* FirstViewModel.swift */ = {isa = PBXFileReference; lastKnownFileType = sourcecode.swift; path = FirstViewModel.swift; sourceTree = "<group>"; };
		78DD436D27425455006684D0 /* FirstViewController.swift */ = {isa = PBXFileReference; lastKnownFileType = sourcecode.swift; path = FirstViewController.swift; sourceTree = "<group>"; };
		78DD436F27425487006684D0 /* FirstUI.swift */ = {isa = PBXFileReference; lastKnownFileType = sourcecode.swift; path = FirstUI.swift; sourceTree = "<group>"; };
		78DD4372274254D1006684D0 /* FirstDetailViewController.swift */ = {isa = PBXFileReference; lastKnownFileType = sourcecode.swift; path = FirstDetailViewController.swift; sourceTree = "<group>"; };
		78DD437727425B6F006684D0 /* NavigationController.swift */ = {isa = PBXFileReference; lastKnownFileType = sourcecode.swift; path = NavigationController.swift; sourceTree = "<group>"; };
		78DD437B27425D69006684D0 /* TabBarController.swift */ = {isa = PBXFileReference; lastKnownFileType = sourcecode.swift; path = TabBarController.swift; sourceTree = "<group>"; };
		78E35E29277C2303002EDE43 /* SwiftArchitectureTemplate.xctestplan */ = {isa = PBXFileReference; lastKnownFileType = text; path = SwiftArchitectureTemplate.xctestplan; sourceTree = "<group>"; };
		78E35E2A277C3F37002EDE43 /* AppDataHolder.swift */ = {isa = PBXFileReference; lastKnownFileType = sourcecode.swift; path = AppDataHolder.swift; sourceTree = "<group>"; };
/* End PBXFileReference section */

/* Begin PBXFrameworksBuildPhase section */
		78A386F527401A9D00DF51CF /* Frameworks */ = {
			isa = PBXFrameworksBuildPhase;
			buildActionMask = 2147483647;
			files = (
				78DD432727422AB1006684D0 /* Domain in Frameworks */,
				78DD432427415522006684D0 /* Data in Frameworks */,
				78DD433427423687006684D0 /* FirebaseCrashlytics in Frameworks */,
				78DD433227423687006684D0 /* FirebaseAnalytics in Frameworks */,
				789A4E5E2741440000DD4661 /* Utility in Frameworks */,
			);
			runOnlyForDeploymentPostprocessing = 0;
		};
		78A3870B27401A9F00DF51CF /* Frameworks */ = {
			isa = PBXFrameworksBuildPhase;
			buildActionMask = 2147483647;
			files = (
			);
			runOnlyForDeploymentPostprocessing = 0;
		};
		78A3871527401A9F00DF51CF /* Frameworks */ = {
			isa = PBXFrameworksBuildPhase;
			buildActionMask = 2147483647;
			files = (
			);
			runOnlyForDeploymentPostprocessing = 0;
		};
/* End PBXFrameworksBuildPhase section */

/* Begin PBXGroup section */
		781F9C9D274758C40034F911 /* Contents */ = {
			isa = PBXGroup;
			children = (
				78A93CF3277D69D1005A3DB2 /* BottomSheet */,
			);
			path = Contents;
			sourceTree = "<group>";
		};
		783B6B1427C5CE950040A5D3 /* Cells */ = {
			isa = PBXGroup;
			children = (
				783B6B1627C5CEAE0040A5D3 /* Debug */,
			);
			path = Cells;
			sourceTree = "<group>";
		};
		783B6B1527C5CE9F0040A5D3 /* BottomSheet */ = {
			isa = PBXGroup;
			children = (
				78BA64CA2744E479005B2D61 /* CommonBottomSheetContentView.swift */,
			);
			path = BottomSheet;
			sourceTree = "<group>";
		};
		783B6B1627C5CEAE0040A5D3 /* Debug */ = {
			isa = PBXGroup;
			children = (
				783B6B1727C5CEBA0040A5D3 /* ThemeCell.swift */,
			);
			path = Debug;
			sourceTree = "<group>";
		};
		78844F962743476B00A02E9B /* AppUtil */ = {
			isa = PBXGroup;
			children = (
				78844F992743490200A02E9B /* Array+Util.swift */,
				78844F97274348C200A02E9B /* String+Util.swift */,
			);
			path = AppUtil;
			sourceTree = "<group>";
		};
		78844F9B27434ACD00A02E9B /* Support */ = {
			isa = PBXGroup;
			children = (
				78A4E9362777FC75005FBB36 /* Localizable.strings */,
			);
			path = Support;
			sourceTree = "<group>";
		};
		789A4E5927413DA100DD4661 /* Packages */ = {
			isa = PBXGroup;
			children = (
				789A4E6227414B3A00DD4661 /* Data */,
				78DD432527421126006684D0 /* Domain */,
				789A4E5B27413FD300DD4661 /* Utility */,
			);
			path = Packages;
			sourceTree = "<group>";
		};
		789A4E5C2741440000DD4661 /* Frameworks */ = {
			isa = PBXGroup;
			children = (
			);
			name = Frameworks;
			sourceTree = "<group>";
		};
		78A386EF27401A9D00DF51CF = {
			isa = PBXGroup;
			children = (
				78E35E29277C2303002EDE43 /* SwiftArchitectureTemplate.xctestplan */,
				789A4E5927413DA100DD4661 /* Packages */,
				78A386FA27401A9D00DF51CF /* SwiftArchitectureTemplate */,
				78A3871127401A9F00DF51CF /* SwiftArchitectureTemplateTests */,
				78A3871B27401A9F00DF51CF /* SwiftArchitectureTemplateUITests */,
				78A386F927401A9D00DF51CF /* Products */,
				789A4E5C2741440000DD4661 /* Frameworks */,
			);
			sourceTree = "<group>";
		};
		78A386F927401A9D00DF51CF /* Products */ = {
			isa = PBXGroup;
			children = (
				78A386F827401A9D00DF51CF /* SwiftArchitectureTemplate.app */,
				78A3870E27401A9F00DF51CF /* SwiftArchitectureTemplateTests.xctest */,
				78A3871827401A9F00DF51CF /* SwiftArchitectureTemplateUITests.xctest */,
			);
			name = Products;
			sourceTree = "<group>";
		};
		78A386FA27401A9D00DF51CF /* SwiftArchitectureTemplate */ = {
			isa = PBXGroup;
			children = (
				78E35E2A277C3F37002EDE43 /* AppDataHolder.swift */,
				78A386FB27401A9D00DF51CF /* AppDelegate.swift */,
				78C20EE6277B35D200C7EC65 /* AppFlowController.swift */,
				78DD432B27423496006684D0 /* Configuration */,
				78DD432827423475006684D0 /* Presentation */,
				78DD432A27423491006684D0 /* Resource */,
				78DD432927423489006684D0 /* Utility */,
				78A3870927401A9F00DF51CF /* Info.plist */,
			);
			path = SwiftArchitectureTemplate;
			sourceTree = "<group>";
		};
		78A3871127401A9F00DF51CF /* SwiftArchitectureTemplateTests */ = {
			isa = PBXGroup;
			children = (
				78844FAA27437EC700A02E9B /* FirstViewModelTests.swift */,
				78844FA827437E7B00A02E9B /* Utility.swift */,
			);
			path = SwiftArchitectureTemplateTests;
			sourceTree = "<group>";
		};
		78A3871B27401A9F00DF51CF /* SwiftArchitectureTemplateUITests */ = {
			isa = PBXGroup;
			children = (
				78A3871C27401A9F00DF51CF /* SwiftArchitectureTemplateUITests.swift */,
				78A3871E27401A9F00DF51CF /* SwiftArchitectureTemplateUITestsLaunchTests.swift */,
			);
			path = SwiftArchitectureTemplateUITests;
			sourceTree = "<group>";
		};
		78A93CF3277D69D1005A3DB2 /* BottomSheet */ = {
			isa = PBXGroup;
			children = (
				781F9CA02747598F0034F911 /* DEBUG_BottomSheetListUI.swift */,
				781F9C9E274758E00034F911 /* DEBUG_BottomSheetListViewController.swift */,
			);
			path = BottomSheet;
			sourceTree = "<group>";
		};
		78BA64C12744C812005B2D61 /* BottomSheet */ = {
			isa = PBXGroup;
			children = (
				78C20EF9277B459600C7EC65 /* Root */,
			);
			path = BottomSheet;
			sourceTree = "<group>";
		};
		78BA64C92744E461005B2D61 /* View */ = {
			isa = PBXGroup;
			children = (
				783B6B1527C5CE9F0040A5D3 /* BottomSheet */,
				783B6B1427C5CE950040A5D3 /* Cells */,
			);
			path = View;
			sourceTree = "<group>";
		};
		78C20EE8277B35E000C7EC65 /* Login */ = {
			isa = PBXGroup;
			children = (
				78C20EE9277B35F800C7EC65 /* LoginFlowController.swift */,
				78C20EF8277B458500C7EC65 /* Root */,
			);
			path = Login;
			sourceTree = "<group>";
		};
		78C20EED277B391100C7EC65 /* Root */ = {
			isa = PBXGroup;
			children = (
				78DD4367274251D3006684D0 /* SecondUI.swift */,
				78DD436327424F55006684D0 /* SecondViewController.swift */,
				78DD436527424F5E006684D0 /* SecondViewModel.swift */,
			);
			path = Root;
			sourceTree = "<group>";
		};
		78C20EF0277B3AC400C7EC65 /* Root */ = {
			isa = PBXGroup;
			children = (
				78C20EF3277B401600C7EC65 /* DEBUG_Item.swift */,
				78625644274635C200472228 /* DEBUG_UI.swift */,
				78DD436127424E7C006684D0 /* DEBUG_ViewController.swift */,
			);
			path = Root;
			sourceTree = "<group>";
		};
		78C20EF7277B448F00C7EC65 /* Root */ = {
			isa = PBXGroup;
			children = (
				78DD436F27425487006684D0 /* FirstUI.swift */,
				78DD436D27425455006684D0 /* FirstViewController.swift */,
				78DD436927425445006684D0 /* FirstViewModel.swift */,
			);
			path = Root;
			sourceTree = "<group>";
		};
		78C20EF8277B458500C7EC65 /* Root */ = {
			isa = PBXGroup;
			children = (
				78A93CF1277D502D005A3DB2 /* LoginUI.swift */,
				78C20EEB277B360000C7EC65 /* LoginViewController.swift */,
			);
			path = Root;
			sourceTree = "<group>";
		};
		78C20EF9277B459600C7EC65 /* Root */ = {
			isa = PBXGroup;
			children = (
				78BA64CC2744F609005B2D61 /* BottomSheetUI.swift */,
				78BA64C22744C82A005B2D61 /* BottomSheetViewController.swift */,
			);
			path = Root;
			sourceTree = "<group>";
		};
		78DD432827423475006684D0 /* Presentation */ = {
			isa = PBXGroup;
			children = (
				78DD4351274247CF006684D0 /* Component */,
				78DD4350274247C3006684D0 /* Container */,
				78DD434F274247BF006684D0 /* Core */,
				78DD4352274247DF006684D0 /* Screen */,
				78BA64C92744E461005B2D61 /* View */,
			);
			path = Presentation;
			sourceTree = "<group>";
		};
		78DD432927423489006684D0 /* Utility */ = {
			isa = PBXGroup;
			children = (
				78BA64D22744FD9D005B2D61 /* BottomSheet+Convenience.swift */,
				78DD433727423995006684D0 /* FirebaseProvider.swift */,
				78DD43432742440D006684D0 /* LoadingState.swift */,
				78DD434727424536006684D0 /* Style.swift */,
				78844FA6274367C900A02E9B /* TopViewControllerAccessible.swift */,
				78BA64C72744DA66005B2D61 /* UIButton+StateConvenience.swift */,
				78CB9D2A277705FF00AA8A94 /* UIControl+Publisher.swift */,
				78A4E93A27786631005FBB36 /* UIViewController+Container.swift */,
				78B3D0BE2776F93500A8EC6F /* UIView+Layout.swift */,
				78844F962743476B00A02E9B /* AppUtil */,
			);
			path = Utility;
			sourceTree = "<group>";
		};
		78DD432A27423491006684D0 /* Resource */ = {
			isa = PBXGroup;
			children = (
				78A3870427401A9F00DF51CF /* Assets.xcassets */,
				78DD4349274246E1006684D0 /* Localizable.swift */,
				78844F9D27434B3C00A02E9B /* Resources.swift */,
				78844FAC2743AEAC00A02E9B /* ResourcesSupport.swift */,
				78844FA127434B6E00A02E9B /* Colors.swift */,
				78844F9F27434B6100A02E9B /* Images.swift */,
				78DD434B27424739006684D0 /* Strings.swift */,
				78844FA327435C2800A02E9B /* ViewControllers.swift */,
				78844F9B27434ACD00A02E9B /* Support */,
			);
			path = Resource;
			sourceTree = "<group>";
		};
		78DD432B27423496006684D0 /* Configuration */ = {
			isa = PBXGroup;
			children = (
				78DD4335274238DC006684D0 /* API.swift */,
				78DD432C274234FE006684D0 /* Configuration.swift */,
				78DD432E27423592006684D0 /* Package.swift */,
				78DD433927423A6A006684D0 /* Config */,
			);
			path = Configuration;
			sourceTree = "<group>";
		};
		78DD433927423A6A006684D0 /* Config */ = {
			isa = PBXGroup;
			children = (
				78DD433A27423A81006684D0 /* Config.develop.xcconfig */,
				78DD433B27423AE4006684D0 /* Config.adhoc.xcconfig */,
				78DD433C27423B15006684D0 /* Config.release.xcconfig */,
			);
			path = Config;
			sourceTree = "<group>";
		};
		78DD434F274247BF006684D0 /* Core */ = {
			isa = PBXGroup;
			children = (
				78C20EF5277B42F800C7EC65 /* FlowController.swift */,
				78DD435727424842006684D0 /* UserInterface.swift */,
				78DD4359274249CC006684D0 /* VCInjectable.swift */,
				78DD435527424825006684D0 /* ViewModel.swift */,
			);
			path = Core;
			sourceTree = "<group>";
		};
		78DD4350274247C3006684D0 /* Container */ = {
			isa = PBXGroup;
			children = (
				78DD437727425B6F006684D0 /* NavigationController.swift */,
				78DD437B27425D69006684D0 /* TabBarController.swift */,
			);
			path = Container;
			sourceTree = "<group>";
		};
		78DD4351274247CF006684D0 /* Component */ = {
			isa = PBXGroup;
			children = (
				78DD435B27424D33006684D0 /* Style */,
			);
			path = Component;
			sourceTree = "<group>";
		};
		78DD4352274247DF006684D0 /* Screen */ = {
			isa = PBXGroup;
			children = (
				78A4E9382778659F005FBB36 /* MainFlowController.swift */,
				78DD437D27425E60006684D0 /* Launch */,
				78BA64C12744C812005B2D61 /* BottomSheet */,
				78DD435E27424E5C006684D0 /* DEBUG */,
				78DD435F27424E64006684D0 /* First */,
				78C20EE8277B35E000C7EC65 /* Login */,
				78DD436027424E69006684D0 /* Second */,
			);
			path = Screen;
			sourceTree = "<group>";
		};
		78DD435B27424D33006684D0 /* Style */ = {
			isa = PBXGroup;
			children = (
				78DD435C27424D6D006684D0 /* ButtonStyle.swift */,
			);
			path = Style;
			sourceTree = "<group>";
		};
		78DD435E27424E5C006684D0 /* DEBUG */ = {
			isa = PBXGroup;
			children = (
				78C20EF1277B3ADF00C7EC65 /* DEBUG_FlowController.swift */,
				781F9C9D274758C40034F911 /* Contents */,
				78C20EF0277B3AC400C7EC65 /* Root */,
			);
			path = DEBUG;
			sourceTree = "<group>";
		};
		78DD435F27424E64006684D0 /* First */ = {
			isa = PBXGroup;
			children = (
				786BC1B92779CD6D00F97732 /* FirstFlowController.swift */,
				78DD4371274254C5006684D0 /* Detail */,
				78C20EF7277B448F00C7EC65 /* Root */,
			);
			path = First;
			sourceTree = "<group>";
		};
		78DD436027424E69006684D0 /* Second */ = {
			isa = PBXGroup;
			children = (
				78C20EEE277B394800C7EC65 /* SecondFlowController.swift */,
				78C20EED277B391100C7EC65 /* Root */,
			);
			path = Second;
			sourceTree = "<group>";
		};
		78DD4371274254C5006684D0 /* Detail */ = {
			isa = PBXGroup;
			children = (
				78DD4372274254D1006684D0 /* FirstDetailViewController.swift */,
			);
			path = Detail;
			sourceTree = "<group>";
		};
		78DD437D27425E60006684D0 /* Launch */ = {
			isa = PBXGroup;
			children = (
				78A3870627401A9F00DF51CF /* LaunchScreen.storyboard */,
			);
			path = Launch;
			sourceTree = "<group>";
		};
/* End PBXGroup section */

/* Begin PBXNativeTarget section */
		78A386F727401A9D00DF51CF /* SwiftArchitectureTemplate */ = {
			isa = PBXNativeTarget;
			buildConfigurationList = 78A3872227401A9F00DF51CF /* Build configuration list for PBXNativeTarget "SwiftArchitectureTemplate" */;
			buildPhases = (
				78A386F427401A9D00DF51CF /* Sources */,
				78A386F527401A9D00DF51CF /* Frameworks */,
				78A386F627401A9D00DF51CF /* Resources */,
				789A4E602741440000DD4661 /* Embed Frameworks */,
				789A4E612741448A00DD4661 /* Swift Format */,
			);
			buildRules = (
			);
			dependencies = (
			);
			name = SwiftArchitectureTemplate;
			packageProductDependencies = (
				789A4E5D2741440000DD4661 /* Utility */,
				78DD432327415522006684D0 /* Data */,
				78DD432627422AB1006684D0 /* Domain */,
				78DD433127423686006684D0 /* FirebaseAnalytics */,
				78DD433327423687006684D0 /* FirebaseCrashlytics */,
			);
			productName = SwiftArchitectureTemplate;
			productReference = 78A386F827401A9D00DF51CF /* SwiftArchitectureTemplate.app */;
			productType = "com.apple.product-type.application";
		};
		78A3870D27401A9F00DF51CF /* SwiftArchitectureTemplateTests */ = {
			isa = PBXNativeTarget;
			buildConfigurationList = 78A3872527401A9F00DF51CF /* Build configuration list for PBXNativeTarget "SwiftArchitectureTemplateTests" */;
			buildPhases = (
				78A3870A27401A9F00DF51CF /* Sources */,
				78A3870B27401A9F00DF51CF /* Frameworks */,
				78A3870C27401A9F00DF51CF /* Resources */,
			);
			buildRules = (
			);
			dependencies = (
				78A3871027401A9F00DF51CF /* PBXTargetDependency */,
			);
			name = SwiftArchitectureTemplateTests;
			productName = SwiftArchitectureTemplateTests;
			productReference = 78A3870E27401A9F00DF51CF /* SwiftArchitectureTemplateTests.xctest */;
			productType = "com.apple.product-type.bundle.unit-test";
		};
		78A3871727401A9F00DF51CF /* SwiftArchitectureTemplateUITests */ = {
			isa = PBXNativeTarget;
			buildConfigurationList = 78A3872827401A9F00DF51CF /* Build configuration list for PBXNativeTarget "SwiftArchitectureTemplateUITests" */;
			buildPhases = (
				78A3871427401A9F00DF51CF /* Sources */,
				78A3871527401A9F00DF51CF /* Frameworks */,
				78A3871627401A9F00DF51CF /* Resources */,
			);
			buildRules = (
			);
			dependencies = (
				78A3871A27401A9F00DF51CF /* PBXTargetDependency */,
			);
			name = SwiftArchitectureTemplateUITests;
			productName = SwiftArchitectureTemplateUITests;
			productReference = 78A3871827401A9F00DF51CF /* SwiftArchitectureTemplateUITests.xctest */;
			productType = "com.apple.product-type.bundle.ui-testing";
		};
/* End PBXNativeTarget section */

/* Begin PBXProject section */
		78A386F027401A9D00DF51CF /* Project object */ = {
			isa = PBXProject;
			attributes = {
				BuildIndependentTargetsInParallel = 1;
				LastSwiftUpdateCheck = 1310;
				LastUpgradeCheck = 1310;
				TargetAttributes = {
					78A386F727401A9D00DF51CF = {
						CreatedOnToolsVersion = 13.1;
					};
					78A3870D27401A9F00DF51CF = {
						CreatedOnToolsVersion = 13.1;
						TestTargetID = 78A386F727401A9D00DF51CF;
					};
					78A3871727401A9F00DF51CF = {
						CreatedOnToolsVersion = 13.1;
						TestTargetID = 78A386F727401A9D00DF51CF;
					};
				};
			};
			buildConfigurationList = 78A386F327401A9D00DF51CF /* Build configuration list for PBXProject "SwiftArchitectureTemplate" */;
			compatibilityVersion = "Xcode 13.0";
			developmentRegion = en;
			hasScannedForEncodings = 0;
			knownRegions = (
				en,
				Base,
				ja,
			);
			mainGroup = 78A386EF27401A9D00DF51CF;
			packageReferences = (
				78DD433027423686006684D0 /* XCRemoteSwiftPackageReference "firebase-ios-sdk" */,
			);
			productRefGroup = 78A386F927401A9D00DF51CF /* Products */;
			projectDirPath = "";
			projectRoot = "";
			targets = (
				78A386F727401A9D00DF51CF /* SwiftArchitectureTemplate */,
				78A3870D27401A9F00DF51CF /* SwiftArchitectureTemplateTests */,
				78A3871727401A9F00DF51CF /* SwiftArchitectureTemplateUITests */,
			);
		};
/* End PBXProject section */

/* Begin PBXResourcesBuildPhase section */
		78A386F627401A9D00DF51CF /* Resources */ = {
			isa = PBXResourcesBuildPhase;
			buildActionMask = 2147483647;
			files = (
				78A3870527401A9F00DF51CF /* Assets.xcassets in Resources */,
				78A4E9342777FC75005FBB36 /* Localizable.strings in Resources */,
				78A3870827401A9F00DF51CF /* LaunchScreen.storyboard in Resources */,
			);
			runOnlyForDeploymentPostprocessing = 0;
		};
		78A3870C27401A9F00DF51CF /* Resources */ = {
			isa = PBXResourcesBuildPhase;
			buildActionMask = 2147483647;
			files = (
			);
			runOnlyForDeploymentPostprocessing = 0;
		};
		78A3871627401A9F00DF51CF /* Resources */ = {
			isa = PBXResourcesBuildPhase;
			buildActionMask = 2147483647;
			files = (
			);
			runOnlyForDeploymentPostprocessing = 0;
		};
/* End PBXResourcesBuildPhase section */

/* Begin PBXShellScriptBuildPhase section */
		789A4E612741448A00DD4661 /* Swift Format */ = {
			isa = PBXShellScriptBuildPhase;
			buildActionMask = 2147483647;
			files = (
			);
			inputFileListPaths = (
			);
			inputPaths = (
			);
			name = "Swift Format";
			outputFileListPaths = (
			);
			outputPaths = (
			);
			runOnlyForDeploymentPostprocessing = 0;
			shellPath = /bin/sh;
			shellScript = "if which swiftformat >/dev/null; then\n  swiftformat .\nelse\n  echo \"warning: SwiftFormat not installed, download from https://github.com/nicklockwood/SwiftFormat\"\nfi\n";
		};
/* End PBXShellScriptBuildPhase section */

/* Begin PBXSourcesBuildPhase section */
		78A386F427401A9D00DF51CF /* Sources */ = {
			isa = PBXSourcesBuildPhase;
			buildActionMask = 2147483647;
			files = (
				78DD436227424E7C006684D0 /* DEBUG_ViewController.swift in Sources */,
				78625645274635C200472228 /* DEBUG_UI.swift in Sources */,
				781F9CA12747598F0034F911 /* DEBUG_BottomSheetListUI.swift in Sources */,
				78C20EF6277B42F800C7EC65 /* FlowController.swift in Sources */,
				78844FA227434B6E00A02E9B /* Colors.swift in Sources */,
				78DD433827423995006684D0 /* FirebaseProvider.swift in Sources */,
				78C20EE7277B35D200C7EC65 /* AppFlowController.swift in Sources */,
				78DD437C27425D69006684D0 /* TabBarController.swift in Sources */,
				78DD436A27425445006684D0 /* FirstViewModel.swift in Sources */,
				78844FA427435C2800A02E9B /* ViewControllers.swift in Sources */,
				78844F9A2743490200A02E9B /* Array+Util.swift in Sources */,
				78A4E93B27786631005FBB36 /* UIViewController+Container.swift in Sources */,
				78DD437827425B6F006684D0 /* NavigationController.swift in Sources */,
				78844FA7274367C900A02E9B /* TopViewControllerAccessible.swift in Sources */,
				78E35E2B277C3F37002EDE43 /* AppDataHolder.swift in Sources */,
				78CB9D2B277705FF00AA8A94 /* UIControl+Publisher.swift in Sources */,
				78C20EF4277B401600C7EC65 /* DEBUG_Item.swift in Sources */,
				78C20EEF277B394800C7EC65 /* SecondFlowController.swift in Sources */,
				78844F98274348C200A02E9B /* String+Util.swift in Sources */,
				78DD432F27423592006684D0 /* Package.swift in Sources */,
				78BA64D32744FD9D005B2D61 /* BottomSheet+Convenience.swift in Sources */,
				78A386FC27401A9D00DF51CF /* AppDelegate.swift in Sources */,
				78C20EEA277B35F800C7EC65 /* LoginFlowController.swift in Sources */,
				783B6B1827C5CEBA0040A5D3 /* ThemeCell.swift in Sources */,
				78DD437027425487006684D0 /* FirstUI.swift in Sources */,
				78DD432D274234FE006684D0 /* Configuration.swift in Sources */,
				78DD436627424F5E006684D0 /* SecondViewModel.swift in Sources */,
				78C20EEC277B360000C7EC65 /* LoginViewController.swift in Sources */,
				78BA64C32744C82A005B2D61 /* BottomSheetViewController.swift in Sources */,
				78DD436427424F55006684D0 /* SecondViewController.swift in Sources */,
				78DD43442742440D006684D0 /* LoadingState.swift in Sources */,
				78DD434C27424739006684D0 /* Strings.swift in Sources */,
				781F9C9F274758E00034F911 /* DEBUG_BottomSheetListViewController.swift in Sources */,
				78844F9E27434B3C00A02E9B /* Resources.swift in Sources */,
				78DD435627424825006684D0 /* ViewModel.swift in Sources */,
				78DD4336274238DC006684D0 /* API.swift in Sources */,
				78A93CF2277D502D005A3DB2 /* LoginUI.swift in Sources */,
				78C20EF2277B3ADF00C7EC65 /* DEBUG_FlowController.swift in Sources */,
				78DD435A274249CC006684D0 /* VCInjectable.swift in Sources */,
				78DD4368274251D3006684D0 /* SecondUI.swift in Sources */,
				78DD436E27425455006684D0 /* FirstViewController.swift in Sources */,
				78BA64CB2744E479005B2D61 /* CommonBottomSheetContentView.swift in Sources */,
				78BA64C82744DA66005B2D61 /* UIButton+StateConvenience.swift in Sources */,
				78844FAD2743AEAC00A02E9B /* ResourcesSupport.swift in Sources */,
				78DD434A274246E1006684D0 /* Localizable.swift in Sources */,
				78BA64CD2744F609005B2D61 /* BottomSheetUI.swift in Sources */,
				78DD435827424842006684D0 /* UserInterface.swift in Sources */,
				78DD435D27424D6D006684D0 /* ButtonStyle.swift in Sources */,
				78844FA027434B6100A02E9B /* Images.swift in Sources */,
				78DD434827424536006684D0 /* Style.swift in Sources */,
				78B3D0BF2776F93500A8EC6F /* UIView+Layout.swift in Sources */,
				78A4E9392778659F005FBB36 /* MainFlowController.swift in Sources */,
				786BC1BA2779CD6D00F97732 /* FirstFlowController.swift in Sources */,
				78DD4373274254D1006684D0 /* FirstDetailViewController.swift in Sources */,
			);
			runOnlyForDeploymentPostprocessing = 0;
		};
		78A3870A27401A9F00DF51CF /* Sources */ = {
			isa = PBXSourcesBuildPhase;
			buildActionMask = 2147483647;
			files = (
				78844FA927437E7B00A02E9B /* Utility.swift in Sources */,
				78844FAB27437EC700A02E9B /* FirstViewModelTests.swift in Sources */,
			);
			runOnlyForDeploymentPostprocessing = 0;
		};
		78A3871427401A9F00DF51CF /* Sources */ = {
			isa = PBXSourcesBuildPhase;
			buildActionMask = 2147483647;
			files = (
				78A3871D27401A9F00DF51CF /* SwiftArchitectureTemplateUITests.swift in Sources */,
				78A3871F27401A9F00DF51CF /* SwiftArchitectureTemplateUITestsLaunchTests.swift in Sources */,
			);
			runOnlyForDeploymentPostprocessing = 0;
		};
/* End PBXSourcesBuildPhase section */

/* Begin PBXTargetDependency section */
		78A3871027401A9F00DF51CF /* PBXTargetDependency */ = {
			isa = PBXTargetDependency;
			target = 78A386F727401A9D00DF51CF /* SwiftArchitectureTemplate */;
			targetProxy = 78A3870F27401A9F00DF51CF /* PBXContainerItemProxy */;
		};
		78A3871A27401A9F00DF51CF /* PBXTargetDependency */ = {
			isa = PBXTargetDependency;
			target = 78A386F727401A9D00DF51CF /* SwiftArchitectureTemplate */;
			targetProxy = 78A3871927401A9F00DF51CF /* PBXContainerItemProxy */;
		};
/* End PBXTargetDependency section */

/* Begin PBXVariantGroup section */
		78A3870627401A9F00DF51CF /* LaunchScreen.storyboard */ = {
			isa = PBXVariantGroup;
			children = (
				78A3870727401A9F00DF51CF /* Base */,
				78A4E9332777FC3A005FBB36 /* ja */,
			);
			name = LaunchScreen.storyboard;
			sourceTree = "<group>";
		};
		78A4E9362777FC75005FBB36 /* Localizable.strings */ = {
			isa = PBXVariantGroup;
			children = (
				78A4E9352777FC75005FBB36 /* en */,
				78A4E9372777FC78005FBB36 /* ja */,
			);
			name = Localizable.strings;
			sourceTree = "<group>";
		};
/* End PBXVariantGroup section */

/* Begin XCBuildConfiguration section */
		78A3872027401A9F00DF51CF /* Debug */ = {
			isa = XCBuildConfiguration;
			baseConfigurationReference = 78DD433A27423A81006684D0 /* Config.develop.xcconfig */;
			buildSettings = {
				ALWAYS_SEARCH_USER_PATHS = NO;
				CLANG_ANALYZER_LOCALIZABILITY_NONLOCALIZED = YES;
				CLANG_ANALYZER_NONNULL = YES;
				CLANG_ANALYZER_NUMBER_OBJECT_CONVERSION = YES_AGGRESSIVE;
				CLANG_CXX_LANGUAGE_STANDARD = "gnu++17";
				CLANG_CXX_LIBRARY = "libc++";
				CLANG_ENABLE_MODULES = YES;
				CLANG_ENABLE_OBJC_ARC = YES;
				CLANG_ENABLE_OBJC_WEAK = YES;
				CLANG_WARN_BLOCK_CAPTURE_AUTORELEASING = YES;
				CLANG_WARN_BOOL_CONVERSION = YES;
				CLANG_WARN_COMMA = YES;
				CLANG_WARN_CONSTANT_CONVERSION = YES;
				CLANG_WARN_DEPRECATED_OBJC_IMPLEMENTATIONS = YES;
				CLANG_WARN_DIRECT_OBJC_ISA_USAGE = YES_ERROR;
				CLANG_WARN_DOCUMENTATION_COMMENTS = YES;
				CLANG_WARN_EMPTY_BODY = YES;
				CLANG_WARN_ENUM_CONVERSION = YES;
				CLANG_WARN_INFINITE_RECURSION = YES;
				CLANG_WARN_INT_CONVERSION = YES;
				CLANG_WARN_NON_LITERAL_NULL_CONVERSION = YES;
				CLANG_WARN_OBJC_IMPLICIT_RETAIN_SELF = YES;
				CLANG_WARN_OBJC_LITERAL_CONVERSION = YES;
				CLANG_WARN_OBJC_ROOT_CLASS = YES_ERROR;
				CLANG_WARN_QUOTED_INCLUDE_IN_FRAMEWORK_HEADER = YES;
				CLANG_WARN_RANGE_LOOP_ANALYSIS = YES;
				CLANG_WARN_STRICT_PROTOTYPES = YES;
				CLANG_WARN_SUSPICIOUS_MOVE = YES;
				CLANG_WARN_UNGUARDED_AVAILABILITY = YES_AGGRESSIVE;
				CLANG_WARN_UNREACHABLE_CODE = YES;
				CLANG_WARN__DUPLICATE_METHOD_MATCH = YES;
				COPY_PHASE_STRIP = NO;
				DEBUG_INFORMATION_FORMAT = dwarf;
				ENABLE_STRICT_OBJC_MSGSEND = YES;
				ENABLE_TESTABILITY = YES;
				GCC_C_LANGUAGE_STANDARD = gnu11;
				GCC_DYNAMIC_NO_PIC = NO;
				GCC_NO_COMMON_BLOCKS = YES;
				GCC_OPTIMIZATION_LEVEL = 0;
				GCC_PREPROCESSOR_DEFINITIONS = (
					"DEBUG=1",
					"$(inherited)",
				);
				GCC_WARN_64_TO_32_BIT_CONVERSION = YES;
				GCC_WARN_ABOUT_RETURN_TYPE = YES_ERROR;
				GCC_WARN_UNDECLARED_SELECTOR = YES;
				GCC_WARN_UNINITIALIZED_AUTOS = YES_AGGRESSIVE;
				GCC_WARN_UNUSED_FUNCTION = YES;
				GCC_WARN_UNUSED_VARIABLE = YES;
				IPHONEOS_DEPLOYMENT_TARGET = 13.0;
				MTL_ENABLE_DEBUG_INFO = INCLUDE_SOURCE;
				MTL_FAST_MATH = YES;
				ONLY_ACTIVE_ARCH = YES;
				SDKROOT = iphoneos;
				SWIFT_ACTIVE_COMPILATION_CONDITIONS = DEBUG;
				SWIFT_OPTIMIZATION_LEVEL = "-Onone";
			};
			name = Debug;
		};
		78A3872127401A9F00DF51CF /* Release */ = {
			isa = XCBuildConfiguration;
			baseConfigurationReference = 78DD433C27423B15006684D0 /* Config.release.xcconfig */;
			buildSettings = {
				ALWAYS_SEARCH_USER_PATHS = NO;
				CLANG_ANALYZER_LOCALIZABILITY_NONLOCALIZED = YES;
				CLANG_ANALYZER_NONNULL = YES;
				CLANG_ANALYZER_NUMBER_OBJECT_CONVERSION = YES_AGGRESSIVE;
				CLANG_CXX_LANGUAGE_STANDARD = "gnu++17";
				CLANG_CXX_LIBRARY = "libc++";
				CLANG_ENABLE_MODULES = YES;
				CLANG_ENABLE_OBJC_ARC = YES;
				CLANG_ENABLE_OBJC_WEAK = YES;
				CLANG_WARN_BLOCK_CAPTURE_AUTORELEASING = YES;
				CLANG_WARN_BOOL_CONVERSION = YES;
				CLANG_WARN_COMMA = YES;
				CLANG_WARN_CONSTANT_CONVERSION = YES;
				CLANG_WARN_DEPRECATED_OBJC_IMPLEMENTATIONS = YES;
				CLANG_WARN_DIRECT_OBJC_ISA_USAGE = YES_ERROR;
				CLANG_WARN_DOCUMENTATION_COMMENTS = YES;
				CLANG_WARN_EMPTY_BODY = YES;
				CLANG_WARN_ENUM_CONVERSION = YES;
				CLANG_WARN_INFINITE_RECURSION = YES;
				CLANG_WARN_INT_CONVERSION = YES;
				CLANG_WARN_NON_LITERAL_NULL_CONVERSION = YES;
				CLANG_WARN_OBJC_IMPLICIT_RETAIN_SELF = YES;
				CLANG_WARN_OBJC_LITERAL_CONVERSION = YES;
				CLANG_WARN_OBJC_ROOT_CLASS = YES_ERROR;
				CLANG_WARN_QUOTED_INCLUDE_IN_FRAMEWORK_HEADER = YES;
				CLANG_WARN_RANGE_LOOP_ANALYSIS = YES;
				CLANG_WARN_STRICT_PROTOTYPES = YES;
				CLANG_WARN_SUSPICIOUS_MOVE = YES;
				CLANG_WARN_UNGUARDED_AVAILABILITY = YES_AGGRESSIVE;
				CLANG_WARN_UNREACHABLE_CODE = YES;
				CLANG_WARN__DUPLICATE_METHOD_MATCH = YES;
				COPY_PHASE_STRIP = NO;
				DEBUG_INFORMATION_FORMAT = "dwarf-with-dsym";
				ENABLE_NS_ASSERTIONS = NO;
				ENABLE_STRICT_OBJC_MSGSEND = YES;
				GCC_C_LANGUAGE_STANDARD = gnu11;
				GCC_NO_COMMON_BLOCKS = YES;
				GCC_WARN_64_TO_32_BIT_CONVERSION = YES;
				GCC_WARN_ABOUT_RETURN_TYPE = YES_ERROR;
				GCC_WARN_UNDECLARED_SELECTOR = YES;
				GCC_WARN_UNINITIALIZED_AUTOS = YES_AGGRESSIVE;
				GCC_WARN_UNUSED_FUNCTION = YES;
				GCC_WARN_UNUSED_VARIABLE = YES;
				IPHONEOS_DEPLOYMENT_TARGET = 13.0;
				MTL_ENABLE_DEBUG_INFO = NO;
				MTL_FAST_MATH = YES;
				SDKROOT = iphoneos;
				SWIFT_COMPILATION_MODE = wholemodule;
				SWIFT_OPTIMIZATION_LEVEL = "-O";
				VALIDATE_PRODUCT = YES;
			};
			name = Release;
		};
		78A3872327401A9F00DF51CF /* Debug */ = {
			isa = XCBuildConfiguration;
			buildSettings = {
				ASSETCATALOG_COMPILER_APPICON_NAME = AppIcon;
				ASSETCATALOG_COMPILER_GLOBAL_ACCENT_COLOR_NAME = AccentColor;
				CODE_SIGN_STYLE = Automatic;
				CURRENT_PROJECT_VERSION = 1;
				DEVELOPMENT_TEAM = 6WHPY5MQSB;
				GENERATE_INFOPLIST_FILE = YES;
				INFOPLIST_FILE = SwiftArchitectureTemplate/Info.plist;
				INFOPLIST_KEY_CFBundleDisplayName = "$(BUNDLE_DISPLAY_NAME)";
				INFOPLIST_KEY_UIApplicationSupportsIndirectInputEvents = YES;
				INFOPLIST_KEY_UILaunchStoryboardName = LaunchScreen;
				INFOPLIST_KEY_UISupportedInterfaceOrientations_iPad = "UIInterfaceOrientationPortrait UIInterfaceOrientationPortraitUpsideDown UIInterfaceOrientationLandscapeLeft UIInterfaceOrientationLandscapeRight";
				INFOPLIST_KEY_UISupportedInterfaceOrientations_iPhone = "UIInterfaceOrientationPortrait UIInterfaceOrientationLandscapeLeft UIInterfaceOrientationLandscapeRight";
				LD_RUNPATH_SEARCH_PATHS = (
					"$(inherited)",
					"@executable_path/Frameworks",
				);
				MARKETING_VERSION = 1.0;
				OTHER_LDFLAGS = "-ObjC";
				PRODUCT_NAME = "$(TARGET_NAME)";
				SWIFT_EMIT_LOC_STRINGS = YES;
				SWIFT_VERSION = 5.0;
				TARGETED_DEVICE_FAMILY = "1,2";
			};
			name = Debug;
		};
		78A3872427401A9F00DF51CF /* Release */ = {
			isa = XCBuildConfiguration;
			buildSettings = {
				ASSETCATALOG_COMPILER_APPICON_NAME = AppIcon;
				ASSETCATALOG_COMPILER_GLOBAL_ACCENT_COLOR_NAME = AccentColor;
				CODE_SIGN_STYLE = Automatic;
				CURRENT_PROJECT_VERSION = 1;
				DEVELOPMENT_TEAM = 6WHPY5MQSB;
				GENERATE_INFOPLIST_FILE = YES;
				INFOPLIST_FILE = SwiftArchitectureTemplate/Info.plist;
				INFOPLIST_KEY_CFBundleDisplayName = "$(BUNDLE_DISPLAY_NAME)";
				INFOPLIST_KEY_UIApplicationSupportsIndirectInputEvents = YES;
				INFOPLIST_KEY_UILaunchStoryboardName = LaunchScreen;
				INFOPLIST_KEY_UISupportedInterfaceOrientations_iPad = "UIInterfaceOrientationPortrait UIInterfaceOrientationPortraitUpsideDown UIInterfaceOrientationLandscapeLeft UIInterfaceOrientationLandscapeRight";
				INFOPLIST_KEY_UISupportedInterfaceOrientations_iPhone = "UIInterfaceOrientationPortrait UIInterfaceOrientationLandscapeLeft UIInterfaceOrientationLandscapeRight";
				LD_RUNPATH_SEARCH_PATHS = (
					"$(inherited)",
					"@executable_path/Frameworks",
				);
				MARKETING_VERSION = 1.0;
				OTHER_LDFLAGS = "-ObjC";
				PRODUCT_NAME = "$(TARGET_NAME)";
				SWIFT_EMIT_LOC_STRINGS = YES;
				SWIFT_VERSION = 5.0;
				TARGETED_DEVICE_FAMILY = "1,2";
			};
			name = Release;
		};
		78A3872627401A9F00DF51CF /* Debug */ = {
			isa = XCBuildConfiguration;
			buildSettings = {
				ALWAYS_EMBED_SWIFT_STANDARD_LIBRARIES = YES;
				BUNDLE_LOADER = "$(TEST_HOST)";
				CODE_SIGN_STYLE = Automatic;
				CURRENT_PROJECT_VERSION = 1;
				DEVELOPMENT_TEAM = 6WHPY5MQSB;
				GENERATE_INFOPLIST_FILE = YES;
				IPHONEOS_DEPLOYMENT_TARGET = 15.0;
				LD_RUNPATH_SEARCH_PATHS = (
					"$(inherited)",
					"@executable_path/Frameworks",
					"@loader_path/Frameworks",
				);
				MARKETING_VERSION = 1.0;
				PRODUCT_BUNDLE_IDENTIFIER = "yossibank-yahoo.co.jp.SwiftArchitectureTemplateTests";
				PRODUCT_NAME = "$(TARGET_NAME)";
				SWIFT_EMIT_LOC_STRINGS = NO;
				SWIFT_VERSION = 5.0;
				TARGETED_DEVICE_FAMILY = "1,2";
				TEST_HOST = "$(BUILT_PRODUCTS_DIR)/SwiftArchitectureTemplate.app/SwiftArchitectureTemplate";
			};
			name = Debug;
		};
		78A3872727401A9F00DF51CF /* Release */ = {
			isa = XCBuildConfiguration;
			buildSettings = {
				ALWAYS_EMBED_SWIFT_STANDARD_LIBRARIES = YES;
				BUNDLE_LOADER = "$(TEST_HOST)";
				CODE_SIGN_STYLE = Automatic;
				CURRENT_PROJECT_VERSION = 1;
				DEVELOPMENT_TEAM = 6WHPY5MQSB;
				GENERATE_INFOPLIST_FILE = YES;
				IPHONEOS_DEPLOYMENT_TARGET = 15.0;
				LD_RUNPATH_SEARCH_PATHS = (
					"$(inherited)",
					"@executable_path/Frameworks",
					"@loader_path/Frameworks",
				);
				MARKETING_VERSION = 1.0;
				PRODUCT_BUNDLE_IDENTIFIER = "yossibank-yahoo.co.jp.SwiftArchitectureTemplateTests";
				PRODUCT_NAME = "$(TARGET_NAME)";
				SWIFT_EMIT_LOC_STRINGS = NO;
				SWIFT_VERSION = 5.0;
				TARGETED_DEVICE_FAMILY = "1,2";
				TEST_HOST = "$(BUILT_PRODUCTS_DIR)/SwiftArchitectureTemplate.app/SwiftArchitectureTemplate";
			};
			name = Release;
		};
		78A3872927401A9F00DF51CF /* Debug */ = {
			isa = XCBuildConfiguration;
			buildSettings = {
				ALWAYS_EMBED_SWIFT_STANDARD_LIBRARIES = YES;
				CODE_SIGN_STYLE = Automatic;
				CURRENT_PROJECT_VERSION = 1;
				DEVELOPMENT_TEAM = 6WHPY5MQSB;
				GENERATE_INFOPLIST_FILE = YES;
				LD_RUNPATH_SEARCH_PATHS = (
					"$(inherited)",
					"@executable_path/Frameworks",
					"@loader_path/Frameworks",
				);
				MARKETING_VERSION = 1.0;
				PRODUCT_BUNDLE_IDENTIFIER = "yossibank-yahoo.co.jp.SwiftArchitectureTemplateUITests";
				PRODUCT_NAME = "$(TARGET_NAME)";
				SWIFT_EMIT_LOC_STRINGS = NO;
				SWIFT_VERSION = 5.0;
				TARGETED_DEVICE_FAMILY = "1,2";
				TEST_TARGET_NAME = SwiftArchitectureTemplate;
			};
			name = Debug;
		};
		78A3872A27401A9F00DF51CF /* Release */ = {
			isa = XCBuildConfiguration;
			buildSettings = {
				ALWAYS_EMBED_SWIFT_STANDARD_LIBRARIES = YES;
				CODE_SIGN_STYLE = Automatic;
				CURRENT_PROJECT_VERSION = 1;
				DEVELOPMENT_TEAM = 6WHPY5MQSB;
				GENERATE_INFOPLIST_FILE = YES;
				LD_RUNPATH_SEARCH_PATHS = (
					"$(inherited)",
					"@executable_path/Frameworks",
					"@loader_path/Frameworks",
				);
				MARKETING_VERSION = 1.0;
				PRODUCT_BUNDLE_IDENTIFIER = "yossibank-yahoo.co.jp.SwiftArchitectureTemplateUITests";
				PRODUCT_NAME = "$(TARGET_NAME)";
				SWIFT_EMIT_LOC_STRINGS = NO;
				SWIFT_VERSION = 5.0;
				TARGETED_DEVICE_FAMILY = "1,2";
				TEST_TARGET_NAME = SwiftArchitectureTemplate;
			};
			name = Release;
		};
		78DD433D27423B7F006684D0 /* Adhoc */ = {
			isa = XCBuildConfiguration;
			baseConfigurationReference = 78DD433B27423AE4006684D0 /* Config.adhoc.xcconfig */;
			buildSettings = {
				ALWAYS_SEARCH_USER_PATHS = NO;
				CLANG_ANALYZER_LOCALIZABILITY_NONLOCALIZED = YES;
				CLANG_ANALYZER_NONNULL = YES;
				CLANG_ANALYZER_NUMBER_OBJECT_CONVERSION = YES_AGGRESSIVE;
				CLANG_CXX_LANGUAGE_STANDARD = "gnu++17";
				CLANG_CXX_LIBRARY = "libc++";
				CLANG_ENABLE_MODULES = YES;
				CLANG_ENABLE_OBJC_ARC = YES;
				CLANG_ENABLE_OBJC_WEAK = YES;
				CLANG_WARN_BLOCK_CAPTURE_AUTORELEASING = YES;
				CLANG_WARN_BOOL_CONVERSION = YES;
				CLANG_WARN_COMMA = YES;
				CLANG_WARN_CONSTANT_CONVERSION = YES;
				CLANG_WARN_DEPRECATED_OBJC_IMPLEMENTATIONS = YES;
				CLANG_WARN_DIRECT_OBJC_ISA_USAGE = YES_ERROR;
				CLANG_WARN_DOCUMENTATION_COMMENTS = YES;
				CLANG_WARN_EMPTY_BODY = YES;
				CLANG_WARN_ENUM_CONVERSION = YES;
				CLANG_WARN_INFINITE_RECURSION = YES;
				CLANG_WARN_INT_CONVERSION = YES;
				CLANG_WARN_NON_LITERAL_NULL_CONVERSION = YES;
				CLANG_WARN_OBJC_IMPLICIT_RETAIN_SELF = YES;
				CLANG_WARN_OBJC_LITERAL_CONVERSION = YES;
				CLANG_WARN_OBJC_ROOT_CLASS = YES_ERROR;
				CLANG_WARN_QUOTED_INCLUDE_IN_FRAMEWORK_HEADER = YES;
				CLANG_WARN_RANGE_LOOP_ANALYSIS = YES;
				CLANG_WARN_STRICT_PROTOTYPES = YES;
				CLANG_WARN_SUSPICIOUS_MOVE = YES;
				CLANG_WARN_UNGUARDED_AVAILABILITY = YES_AGGRESSIVE;
				CLANG_WARN_UNREACHABLE_CODE = YES;
				CLANG_WARN__DUPLICATE_METHOD_MATCH = YES;
				COPY_PHASE_STRIP = NO;
				DEBUG_INFORMATION_FORMAT = dwarf;
				ENABLE_STRICT_OBJC_MSGSEND = YES;
				ENABLE_TESTABILITY = YES;
				GCC_C_LANGUAGE_STANDARD = gnu11;
				GCC_DYNAMIC_NO_PIC = NO;
				GCC_NO_COMMON_BLOCKS = YES;
				GCC_OPTIMIZATION_LEVEL = 0;
				GCC_PREPROCESSOR_DEFINITIONS = (
					"DEBUG=1",
					"$(inherited)",
				);
				GCC_WARN_64_TO_32_BIT_CONVERSION = YES;
				GCC_WARN_ABOUT_RETURN_TYPE = YES_ERROR;
				GCC_WARN_UNDECLARED_SELECTOR = YES;
				GCC_WARN_UNINITIALIZED_AUTOS = YES_AGGRESSIVE;
				GCC_WARN_UNUSED_FUNCTION = YES;
				GCC_WARN_UNUSED_VARIABLE = YES;
				IPHONEOS_DEPLOYMENT_TARGET = 13.0;
				MTL_ENABLE_DEBUG_INFO = INCLUDE_SOURCE;
				MTL_FAST_MATH = YES;
				ONLY_ACTIVE_ARCH = YES;
				SDKROOT = iphoneos;
				SWIFT_ACTIVE_COMPILATION_CONDITIONS = DEBUG;
				SWIFT_OPTIMIZATION_LEVEL = "-Onone";
			};
			name = Adhoc;
		};
		78DD433E27423B7F006684D0 /* Adhoc */ = {
			isa = XCBuildConfiguration;
			buildSettings = {
				ASSETCATALOG_COMPILER_APPICON_NAME = AppIcon;
				ASSETCATALOG_COMPILER_GLOBAL_ACCENT_COLOR_NAME = AccentColor;
				CODE_SIGN_IDENTITY = "Apple Development";
				CODE_SIGN_STYLE = Automatic;
				CURRENT_PROJECT_VERSION = 1;
				DEVELOPMENT_TEAM = HUU47824KU;
				GENERATE_INFOPLIST_FILE = YES;
				INFOPLIST_FILE = SwiftArchitectureTemplate/Info.plist;
				INFOPLIST_KEY_CFBundleDisplayName = "$(BUNDLE_DISPLAY_NAME)";
				INFOPLIST_KEY_UIApplicationSupportsIndirectInputEvents = YES;
				INFOPLIST_KEY_UILaunchStoryboardName = LaunchScreen;
				INFOPLIST_KEY_UISupportedInterfaceOrientations_iPad = "UIInterfaceOrientationPortrait UIInterfaceOrientationPortraitUpsideDown UIInterfaceOrientationLandscapeLeft UIInterfaceOrientationLandscapeRight";
				INFOPLIST_KEY_UISupportedInterfaceOrientations_iPhone = "UIInterfaceOrientationPortrait UIInterfaceOrientationLandscapeLeft UIInterfaceOrientationLandscapeRight";
				LD_RUNPATH_SEARCH_PATHS = (
					"$(inherited)",
					"@executable_path/Frameworks",
				);
				MARKETING_VERSION = 1.0;
				MTL_ENABLE_DEBUG_INFO = NO;
				OTHER_LDFLAGS = "-ObjC";
				PRODUCT_NAME = "$(TARGET_NAME)";
				PROVISIONING_PROFILE_SPECIFIER = "";
				SWIFT_EMIT_LOC_STRINGS = YES;
				SWIFT_VERSION = 5.0;
				TARGETED_DEVICE_FAMILY = "1,2";
			};
			name = Adhoc;
		};
		78DD433F27423B7F006684D0 /* Adhoc */ = {
			isa = XCBuildConfiguration;
			buildSettings = {
				ALWAYS_EMBED_SWIFT_STANDARD_LIBRARIES = YES;
				BUNDLE_LOADER = "$(TEST_HOST)";
				CODE_SIGN_IDENTITY = "Apple Development";
				"CODE_SIGN_IDENTITY[sdk=macosx*]" = "Apple Development";
				CODE_SIGN_STYLE = Automatic;
				CURRENT_PROJECT_VERSION = 1;
				DEVELOPMENT_TEAM = HUU47824KU;
				GENERATE_INFOPLIST_FILE = YES;
				IPHONEOS_DEPLOYMENT_TARGET = 15.0;
				LD_RUNPATH_SEARCH_PATHS = (
					"$(inherited)",
					"@executable_path/Frameworks",
					"@loader_path/Frameworks",
				);
				MARKETING_VERSION = 1.0;
				PRODUCT_BUNDLE_IDENTIFIER = "yossibank-yahoo.co.jp.SwiftArchitectureTemplateTests";
				PRODUCT_NAME = "$(TARGET_NAME)";
				PROVISIONING_PROFILE_SPECIFIER = "";
				"PROVISIONING_PROFILE_SPECIFIER[sdk=macosx*]" = "";
				SWIFT_EMIT_LOC_STRINGS = NO;
				SWIFT_VERSION = 5.0;
				TARGETED_DEVICE_FAMILY = "1,2";
				TEST_HOST = "$(BUILT_PRODUCTS_DIR)/SwiftArchitectureTemplate.app/SwiftArchitectureTemplate";
			};
			name = Adhoc;
		};
		78DD434027423B7F006684D0 /* Adhoc */ = {
			isa = XCBuildConfiguration;
			buildSettings = {
				ALWAYS_EMBED_SWIFT_STANDARD_LIBRARIES = YES;
				"CODE_SIGN_IDENTITY[sdk=macosx*]" = "Apple Development";
				CODE_SIGN_STYLE = Automatic;
				CURRENT_PROJECT_VERSION = 1;
				DEVELOPMENT_TEAM = HUU47824KU;
				GENERATE_INFOPLIST_FILE = YES;
				LD_RUNPATH_SEARCH_PATHS = (
					"$(inherited)",
					"@executable_path/Frameworks",
					"@loader_path/Frameworks",
				);
				MARKETING_VERSION = 1.0;
				PRODUCT_BUNDLE_IDENTIFIER = "yossibank-yahoo.co.jp.SwiftArchitectureTemplateUITests";
				PRODUCT_NAME = "$(TARGET_NAME)";
				SWIFT_EMIT_LOC_STRINGS = NO;
				SWIFT_VERSION = 5.0;
				TARGETED_DEVICE_FAMILY = "1,2";
				TEST_TARGET_NAME = SwiftArchitectureTemplate;
			};
			name = Adhoc;
		};
/* End XCBuildConfiguration section */

/* Begin XCConfigurationList section */
		78A386F327401A9D00DF51CF /* Build configuration list for PBXProject "SwiftArchitectureTemplate" */ = {
			isa = XCConfigurationList;
			buildConfigurations = (
				78A3872027401A9F00DF51CF /* Debug */,
				78DD433D27423B7F006684D0 /* Adhoc */,
				78A3872127401A9F00DF51CF /* Release */,
			);
			defaultConfigurationIsVisible = 0;
			defaultConfigurationName = Release;
		};
		78A3872227401A9F00DF51CF /* Build configuration list for PBXNativeTarget "SwiftArchitectureTemplate" */ = {
			isa = XCConfigurationList;
			buildConfigurations = (
				78A3872327401A9F00DF51CF /* Debug */,
				78DD433E27423B7F006684D0 /* Adhoc */,
				78A3872427401A9F00DF51CF /* Release */,
			);
			defaultConfigurationIsVisible = 0;
			defaultConfigurationName = Release;
		};
		78A3872527401A9F00DF51CF /* Build configuration list for PBXNativeTarget "SwiftArchitectureTemplateTests" */ = {
			isa = XCConfigurationList;
			buildConfigurations = (
				78A3872627401A9F00DF51CF /* Debug */,
				78DD433F27423B7F006684D0 /* Adhoc */,
				78A3872727401A9F00DF51CF /* Release */,
			);
			defaultConfigurationIsVisible = 0;
			defaultConfigurationName = Release;
		};
		78A3872827401A9F00DF51CF /* Build configuration list for PBXNativeTarget "SwiftArchitectureTemplateUITests" */ = {
			isa = XCConfigurationList;
			buildConfigurations = (
				78A3872927401A9F00DF51CF /* Debug */,
				78DD434027423B7F006684D0 /* Adhoc */,
				78A3872A27401A9F00DF51CF /* Release */,
			);
			defaultConfigurationIsVisible = 0;
			defaultConfigurationName = Release;
		};
/* End XCConfigurationList section */

/* Begin XCRemoteSwiftPackageReference section */
		78DD433027423686006684D0 /* XCRemoteSwiftPackageReference "firebase-ios-sdk" */ = {
			isa = XCRemoteSwiftPackageReference;
			repositoryURL = "https://github.com/firebase/firebase-ios-sdk.git";
			requirement = {
				kind = upToNextMajorVersion;
				minimumVersion = 8.0.0;
			};
		};
/* End XCRemoteSwiftPackageReference section */

/* Begin XCSwiftPackageProductDependency section */
		789A4E5D2741440000DD4661 /* Utility */ = {
			isa = XCSwiftPackageProductDependency;
			productName = Utility;
		};
		78DD432327415522006684D0 /* Data */ = {
			isa = XCSwiftPackageProductDependency;
			productName = Data;
		};
		78DD432627422AB1006684D0 /* Domain */ = {
			isa = XCSwiftPackageProductDependency;
			productName = Domain;
		};
		78DD433127423686006684D0 /* FirebaseAnalytics */ = {
			isa = XCSwiftPackageProductDependency;
			package = 78DD433027423686006684D0 /* XCRemoteSwiftPackageReference "firebase-ios-sdk" */;
			productName = FirebaseAnalytics;
		};
		78DD433327423687006684D0 /* FirebaseCrashlytics */ = {
			isa = XCSwiftPackageProductDependency;
			package = 78DD433027423686006684D0 /* XCRemoteSwiftPackageReference "firebase-ios-sdk" */;
			productName = FirebaseCrashlytics;
		};
/* End XCSwiftPackageProductDependency section */
	};
	rootObject = 78A386F027401A9D00DF51CF /* Project object */;
}
